{
  "name": "tts2mic-audio-conformance",
  "lockfileVersion": 3,
  "requires": true,
  "packages": {
    "": {"name": "tts2mic-audio-conformance", "devDependencies": {"playwright-core": "1.58.2"}},
    "node_modules/playwright-core": {
      "version": "1.58.2",
      "resolved": "https://registry.npmjs.org/playwright-core/-/playwright-core-1.58.2.tgz",
      "dev": true,
      "license": "Apache-2.0",
      "bin": {"playwright-core": "cli.js"},
      "engines": {"node": ">=18"}
    }
  }
}
